
Microsoft Visual Studio Solution File, Format Version 12.00
# Visual Studio Version 16
VisualStudioVersion = 16.0.30717.126
MinimumVisualStudioVersion = 10.0.40219.1
Project("{FAE04EC0-301F-11D3-BF4B-00C04F79EFBC}") = "Program 2", "Program 2\Program 2.csproj", "{B6074B88-8EFE-486B-BAC7-0FEC9BD28C22}"
EndProject
Global
	GlobalSection(SolutionConfigurationPlatforms) = preSolution
		Debug|Any CPU = Debug|Any CPU
		Release|Any CPU = Release|Any CPU
	EndGlobalSection
	GlobalSection(ProjectConfigurationPlatforms) = postSolution
		{B6074B88-8EFE-486B-BAC7-0FEC9BD28C22}.Debug|Any CPU.ActiveCfg = Debug|Any CPU
		{B6074B88-8EFE-486B-BAC7-0FEC9BD28C22}.Debug|Any CPU.Build.0 = Debug|Any CPU
		{B6074B88-8EFE-486B-BAC7-0FEC9BD28C22}.Release|Any CPU.ActiveCfg = Release|Any CPU
		{B6074B88-8EFE-486B-BAC7-0FEC9BD28C22}.Release|Any CPU.Build.0 = Release|Any CPU
	EndGlobalSection
	GlobalSection(SolutionProperties) = preSolution
		HideSolutionNode = FALSE
	EndGlobalSection
	GlobalSection(ExtensibilityGlobals) = postSolution
		SolutionGuid = {C73F0D5B-5DAD-4CBC-BA6A-2AB029E62614}
	EndGlobalSection
EndGlobal
